
Microsoft Visual Studio Solution File, Format Version 12.00
# Visual Studio Version 17
VisualStudioVersion = 17.3.32922.545
MinimumVisualStudioVersion = 10.0.40219.1
Project("{FAE04EC0-301F-11D3-BF4B-00C04F79EFBC}") = "CafeOrder", "CafeOrder\CafeOrder.csproj", "{9C4BD188-5746-4C62-A3CD-8010B27F6D94}"
EndProject
Global
	GlobalSection(SolutionConfigurationPlatforms) = preSolution
		Debug|Any CPU = Debug|Any CPU
		Release|Any CPU = Release|Any CPU
	EndGlobalSection
	GlobalSection(ProjectConfigurationPlatforms) = postSolution
		{9C4BD188-5746-4C62-A3CD-8010B27F6D94}.Debug|Any CPU.ActiveCfg = Debug|Any CPU
		{9C4BD188-5746-4C62-A3CD-8010B27F6D94}.Debug|Any CPU.Build.0 = Debug|Any CPU
		{9C4BD188-5746-4C62-A3CD-8010B27F6D94}.Release|Any CPU.ActiveCfg = Release|Any CPU
		{9C4BD188-5746-4C62-A3CD-8010B27F6D94}.Release|Any CPU.Build.0 = Release|Any CPU
	EndGlobalSection
	GlobalSection(SolutionProperties) = preSolution
		HideSolutionNode = FALSE
	EndGlobalSection
	GlobalSection(ExtensibilityGlobals) = postSolution
		SolutionGuid = {91A9AF0C-84B8-4D65-B503-D0243A49C7CB}
	EndGlobalSection
EndGlobal
